schema_version: 1
baseline: asvs-l2
generated_at_sha: 058ac4d31a988ff527da98ae16c7f72035785698
config_exclusions_hash: 4f53cda18c2baa0c
exclusions:
- requirement: V1.2.6
  reason: No LDAP queries or LDAP integration found anywhere in the codebase. The
    app uses SQLite/Prisma for data storage and custom password auth — no LDAP directory
    is accessed.
  source: agent
- requirement: V1.2.7
  reason: No XPath queries found. The application uses SQLite via Prisma ORM, not
    XML data stores with XPath.
  source: agent
- requirement: V1.2.8
  reason: No LaTeX processing found. The application renders Markdown via marked+DOMPurify
    on the client; there is no server-side or client-side LaTeX engine.
  source: agent
- requirement: V1.3.8
  reason: No JNDI lookups or Java Naming and Directory Interface usage. This is a
    Node.js/TypeScript application — JNDI is a Java-specific technology, absent entirely.
  source: agent
- requirement: V1.3.9
  reason: No memcache or memcached usage found. Searched for 'memcache', 'memcached'
    — no matches. The app uses SQLite as its only data store.
  source: agent
- requirement: V1.3.11
  reason: No email sending functionality (SMTP/IMAP) found. The application has no
    mail transport, no email-sending routes, and no contact with mail systems.
  source: agent
- requirement: V1.4.1
  reason: No C/C++ native code, unsafe pointer arithmetic, or manual memory management
    found. The application is written in TypeScript running on Node.js/V8, which provides
    memory safety (bounds-checked strings and buffers). The requirement targets low-level
    stack/buffer/heap overflow prevention in unmanaged code.
  source: agent
- requirement: V1.4.3
  reason: No manual memory allocation/deallocation or pointer management. The application
    runs on Node.js (V8 garbage-collected runtime) — memory is released automatically,
    and there are no free()/delete operations or dangling pointer patterns.
  source: agent
- requirement: V1.5.1
  reason: No XML parsing found. The application does not process XML documents. Searched
    for XML parsers, DOMParser, SAX, xml2js, fast-xml-parser, libxml — no matches.
  source: agent
- requirement: V1.5.2
  reason: No custom deserialization of untrusted data beyond JSON.parse (which is
    native and safe). The application uses JSON request bodies via Fastify's built-in
    parser and Prisma for structured data — no Java serialization, pickle, or other
    unsafe deserialization mechanisms.
  source: agent
- requirement: V3.5.5
  reason: No postMessage usage found in the frontend code. Searched for 'postMessage'
    across all Vue components and TypeScript files — no matches.
  source: agent
- requirement: V4.3.1
  reason: No GraphQL schema, resolvers, or server found. The application exposes only
    REST endpoints via Fastify. Searched for 'graphql', 'apollo', 'gql' — no matches.
  source: agent
- requirement: V4.3.2
  reason: No GraphQL API found. Introspection queries are not applicable — there is
    no GraphQL surface to protect.
  source: agent
- requirement: V4.4.1
  reason: No WebSocket connections found. The application uses only standard HTTP
    request/response via Fastify. Searched for 'WebSocket', 'ws', 'socket.io' — no
    matches.
  source: agent
- requirement: V4.4.2
  reason: No WebSocket connections found. The Origin header check during WebSocket
    handshake is not applicable.
  source: agent
- requirement: V4.4.3
  reason: No WebSocket connections found. Dedicated WebSocket session tokens are not
    applicable.
  source: agent
- requirement: V4.4.4
  reason: No WebSocket connections found. The requirement about transitioning HTTPS
    sessions to WebSocket channels is not applicable.
  source: agent
- requirement: V6.5.1
  reason: No multi-factor authentication (MFA) mechanism exists. The application only
    implements single-factor password authentication. Lookup secrets, out-of-band
    codes, and TOTP are all absent technologies.
  source: agent
- requirement: V6.5.2
  reason: No MFA lookup secrets stored. The application has no MFA implementation
    — there are no second-factor secrets to hash or protect.
  source: agent
- requirement: V6.5.3
  reason: No MFA secrets generated. The application has no TOTP, OTP, or any second-factor
    authentication mechanism that generates secrets.
  source: agent
- requirement: V6.5.4
  reason: No MFA codes or lookup secrets. The application has no second-factor authentication
    where entropy requirements for such codes would apply.
  source: agent
- requirement: V6.5.5
  reason: No MFA tokens or codes with a lifetime. The application has no TOTP, out-of-band
    authentication, or lookup secrets.
  source: agent
- requirement: V6.6.1
  reason: No PSTN, SMS, or phone-based OTP delivery found. The application does not
    send any one-time passwords via phone or SMS.
  source: agent
- requirement: V6.6.2
  reason: No out-of-band authentication mechanism. The application has no SMS/phone
    OTP, email OTP, or push-based second factor.
  source: agent
- requirement: V6.6.3
  reason: No out-of-band authentication codes. The application has no OTP mechanism
    that could be brute-forced.
  source: agent
- requirement: V6.8.1
  reason: No identity providers (IdPs) supported. The application uses only its own
    username/password authentication — no OAuth, OIDC, SAML, or external IdP integration
    exists.
  source: agent
- requirement: V6.8.2
  reason: No SAML assertions or external IdP tokens validated. The application has
    no IdP integration — all authentication is local password-based.
  source: agent
- requirement: V6.8.3
  reason: No SAML assertions processed. The application has no SAML-based authentication.
  source: agent
- requirement: V6.8.4
  reason: No external identity provider. The application does not integrate with any
    IdP; all authentication strength verification is internal (password-only).
  source: agent
- requirement: V10.1.1
  reason: No OAuth or OIDC token flow. The application uses session-based auth with
    database-backed sessions and signed cookies — no access tokens, refresh tokens,
    or authorization codes.
  source: agent
- requirement: V10.1.2
  reason: No OAuth authorization code flow or PKCE. The application does not implement
    any OAuth client functionality.
  source: agent
- requirement: V10.2.1
  reason: No OAuth client. The application does not act as an OAuth client — no authorization
    code flow, no PKCE, no state parameter.
  source: agent
- requirement: V10.2.2
  reason: No OAuth client interacting with multiple authorization servers. The application
    has no OAuth client implementation.
  source: agent
- requirement: V10.3.1
  reason: No OAuth resource server. The application does not accept or validate OAuth
    access tokens; all authorization is via session cookies.
  source: agent
- requirement: V10.3.2
  reason: No OAuth resource server consuming access tokens. Authorization decisions
    are based on server-side sessions, not OAuth scopes or claims.
  source: agent
- requirement: V10.3.3
  reason: No OAuth resource server identifying users from access tokens. The application
    identifies users from database sessions.
  source: agent
- requirement: V10.3.4
  reason: No OAuth resource server verifying authentication strength from access tokens.
    The application uses its own password-only authentication model.
  source: agent
- requirement: V10.4.1
  reason: No OAuth authorization server. The application does not issue authorization
    codes, access tokens, or operate any OAuth token endpoint.
  source: agent
- requirement: V10.4.2
  reason: No OAuth authorization server. The application does not issue or exchange
    authorization codes.
  source: agent
- requirement: V10.4.3
  reason: No OAuth authorization server. The application has no authorization code
    lifecycle.
  source: agent
- requirement: V10.4.4
  reason: No OAuth authorization server granting types. The application does not implement
    any OAuth grant types.
  source: agent
- requirement: V10.4.5
  reason: No OAuth refresh tokens. The application uses database-backed sessions with
    a 14-day expiry — no OAuth refresh token flow exists.
  source: agent
- requirement: V10.4.6
  reason: No OAuth authorization code flow with PKCE. The application does not implement
    any OAuth flows.
  source: agent
- requirement: V10.4.7
  reason: No OAuth dynamic client registration. The application does not operate as
    an OAuth authorization server.
  source: agent
- requirement: V10.4.8
  reason: No OAuth refresh tokens with expiration. The application uses session cookies,
    not OAuth tokens.
  source: agent
- requirement: V10.4.9
  reason: No OAuth token revocation endpoint. The application destroys sessions via
    database delete, not OAuth token revocation.
  source: agent
- requirement: V10.4.10
  reason: No OAuth confidential client authentication. The application has no OAuth
    client credentials or token endpoint.
  source: agent
- requirement: V10.4.11
  reason: No OAuth authorization server assigning scopes. The application has no OAuth
    client scopes.
  source: agent
- requirement: V10.5.1
  reason: No OIDC client (relying party). The application does not use OpenID Connect
    — no ID tokens, no nonce, no OIDC authentication requests.
  source: agent
- requirement: V10.5.2
  reason: No OIDC ID token processing. The application does not integrate with any
    OpenID Provider.
  source: agent
- requirement: V10.5.3
  reason: No OIDC client consuming authorization server metadata. The application
    has no OIDC integration.
  source: agent
- requirement: V10.5.4
  reason: No OIDC ID token audience validation. The application has no OIDC client
    functionality.
  source: agent
- requirement: V10.5.5
  reason: No OIDC back-channel logout. The application uses session cookies, not OIDC
    sessions.
  source: agent
- requirement: V10.6.1
  reason: No OpenID Provider. The application does not act as an OIDC provider — it
    uses custom password authentication and database-backed sessions.
  source: agent
- requirement: V10.6.2
  reason: No OpenID Provider. The application does not handle OIDC logout or ID token
    hints.
  source: agent
- requirement: V10.7.1
  reason: No authorization server or consent flow. The application does not implement
    OAuth/OIDC authorization requests or user consent screens.
  source: agent
- requirement: V10.7.2
  reason: No authorization server consent management. The application does not present
    OAuth/OIDC consent dialogs.
  source: agent
- requirement: V10.7.3
  reason: No OAuth/OIDC consent revocation. The application has no authorization server
    or consent management feature.
  source: agent
- requirement: V12.1.3
  reason: No mTLS (mutual TLS) client certificate authentication. The application
    uses session-based auth with username/password — no client certificate validation
    exists.
  source: agent
- requirement: V17.1.1
  reason: No TURN server. The application is a notes web app with no real-time communication,
    WebRTC, or NAT traversal functionality.
  source: agent
- requirement: V17.2.1
  reason: No media server or DTLS/SRTP functionality. The application has no real-time
    media communication components.
  source: agent
- requirement: V17.2.2
  reason: No media server or DTLS cipher suites. The application has no WebRTC/media
    components.
  source: agent
- requirement: V17.2.3
  reason: No SRTP media stream or RTP injection surface. The application has no real-time
    media components.
  source: agent
- requirement: V17.2.4
  reason: No media server processing SRTP packets. The application has no real-time
    media components.
  source: agent
- requirement: V17.3.1
  reason: No signaling server. The application has no WebRTC signaling or real-time
    communication components.
  source: agent
- requirement: V17.3.2
  reason: No signaling server. The application has no signaling message processing.
  source: agent
open_questions:
- id: are-there-any-secrets-management-tools-e
  question: Are there any secrets management tools (e.g., HashiCorp Vault, AWS Secrets
    Manager, environment-variable injection via orchestration) used to inject SESSION_SECRET
    or other credentials in production, or are secrets stored directly in environment
    files?
  why: The .env.example file shows SESSION_SECRET and DATABASE_URL as environment
    variables, but the code doesn't reference a secrets manager. V13.3.1 requires
    a secrets management solution.
  affects:
  - V13.3.1
  - V13.3.2
  status: open
  answer: null
- id: are-there-any-waf-rate-limiting-or-anti
  question: Are there any WAF, rate-limiting, or anti-automation tools in front of
    this application in production (e.g., Cloudflare, AWS WAF, Nginx rate limiting)?
  why: The code has no rate limiting, CSRF tokens, or anti-automation controls. V2.4.1
    and V6.3.1 require these controls.
  affects:
  - V2.4.1
  - V6.3.1
  status: answered
  answer: nothing
- id: in-production-is-the-app-deployed-behind
  question: In production, is the app deployed behind a TLS-terminating reverse proxy
    (e.g., Nginx, Caddy, AWS ALB) that handles HTTPS, or does the app itself handle
    TLS?
  why: The application code only listens on plain HTTP (Fastify on port 3000) with
    no TLS configuration in the source code. Requirements V12.x about TLS depend on
    where termination occurs.
  affects:
  - V12.1.1
  - V12.1.2
  - V12.2.1
  - V12.2.2
  - V12.3.1
  - V12.3.2
  - V12.3.3
  - V12.3.4
  status: answered
  answer: It's behind a TLS-terminating reverse proxy
- id: is-there-any-antivirus-or-malware-scanni
  question: Is there any antivirus or malware scanning of uploaded files in the production
    environment (e.g., ClamAV on the server, WAF-level scanning, or cloud-provider
    scanning)?
  why: The code does not scan uploaded files for malware; it only validates MIME type
    and size. V5.4.3 requires antivirus scanning of files from untrusted sources.
  affects:
  - V5.4.3
  status: answered
  answer: nothing
- id: is-there-any-log-aggregation-siem-or-cen
  question: Is there any log aggregation, SIEM, or centralized logging system that
    receives application logs in production?
  why: The application uses Fastify's built-in logger (console/stdout). V16.4.3 requires
    logs to be transmitted to a separate system.
  affects:
  - V16.2.3
  - V16.4.3
  status: answered
  answer: 'no'
- id: is-this-application-single-tenant-one-de
  question: Is this application single-tenant (one deployment serves one organization)
    or multi-tenant (multiple customer organizations share the same deployment)?
  why: The codebase has no tenant model or tenant isolation logic, suggesting single-tenant.
    V8.4.1 about cross-tenant controls depends on this.
  affects:
  - V8.4.1
  status: answered
  answer: single tenant
